
Microsoft Visual Studio Solution File, Format Version 12.00
# Visual Studio Version 17
VisualStudioVersion = 17.11.35431.28
MinimumVisualStudioVersion = 10.0.40219.1
Project("{8BC9CEB8-8B4A-11D0-8D11-00A0C91BC942}") = "PDSTSPw'lockers", "PDSTSPw'lockers\PDSTSPw'lockers.vcxproj", "{FC78E6CE-71FC-453D-BA81-858CEA3E9017}"
EndProject
Global
	GlobalSection(SolutionConfigurationPlatforms) = preSolution
		Debug|x64 = Debug|x64
		Debug|x86 = Debug|x86
		Release|x64 = Release|x64
		Release|x86 = Release|x86
	EndGlobalSection
	GlobalSection(ProjectConfigurationPlatforms) = postSolution
		{FC78E6CE-71FC-453D-BA81-858CEA3E9017}.Debug|x64.ActiveCfg = Debug|x64
		{FC78E6CE-71FC-453D-BA81-858CEA3E9017}.Debug|x64.Build.0 = Debug|x64
		{FC78E6CE-71FC-453D-BA81-858CEA3E9017}.Debug|x86.ActiveCfg = Debug|Win32
		{FC78E6CE-71FC-453D-BA81-858CEA3E9017}.Debug|x86.Build.0 = Debug|Win32
		{FC78E6CE-71FC-453D-BA81-858CEA3E9017}.Release|x64.ActiveCfg = Release|x64
		{FC78E6CE-71FC-453D-BA81-858CEA3E9017}.Release|x64.Build.0 = Release|x64
		{FC78E6CE-71FC-453D-BA81-858CEA3E9017}.Release|x86.ActiveCfg = Release|Win32
		{FC78E6CE-71FC-453D-BA81-858CEA3E9017}.Release|x86.Build.0 = Release|Win32
	EndGlobalSection
	GlobalSection(SolutionProperties) = preSolution
		HideSolutionNode = FALSE
	EndGlobalSection
	GlobalSection(ExtensibilityGlobals) = postSolution
		SolutionGuid = {E93F52CB-B9DB-49BE-8198-84EBFF0E2583}
	EndGlobalSection
EndGlobal
